{
  "name": "4us-dashboard",
  "version": "1.0.0",
  "lockfileVersion": 2,
  "requires": true,
  "packages": {
    "": {
      "name": "4us-dashboard",
      "version": "1.0.0",
      "license": "ISC",
      "dependencies": {
        "bootstrap": "^4.5.3",
        "phone": "^3.1.2"
      }
    },
    "node_modules/bootstrap": {
      "version": "4.5.3",
      "resolved": "https://registry.npmjs.org/bootstrap/-/bootstrap-4.5.3.tgz",
      "integrity": "sha512-o9ppKQioXGqhw8Z7mah6KdTYpNQY//tipnkxppWhPbiSWdD+1raYsnhwEZjkTHYbGee4cVQ0Rx65EhOY/HNLcQ=="
    },
    "node_modules/phone": {
      "version": "3.1.2",
      "resolved": "https://registry.npmjs.org/phone/-/phone-3.1.2.tgz",
      "integrity": "sha512-zK9qjYrHUD9UCe+DRdihXBnmYv6Dggs4eQGefd21vgolepAqicPHvTuO5/fMWFxe5RJme0fe5PKNgk5OZaPdZA==",
      "engines": {
        "node": ">=12"
      }
    }
  },
  "dependencies": {
    "bootstrap": {
      "version": "4.5.3",
      "resolved": "https://registry.npmjs.org/bootstrap/-/bootstrap-4.5.3.tgz",
      "integrity": "sha512-o9ppKQioXGqhw8Z7mah6KdTYpNQY//tipnkxppWhPbiSWdD+1raYsnhwEZjkTHYbGee4cVQ0Rx65EhOY/HNLcQ=="
    },
    "phone": {
      "version": "3.1.2",
      "resolved": "https://registry.npmjs.org/phone/-/phone-3.1.2.tgz",
      "integrity": "sha512-zK9qjYrHUD9UCe+DRdihXBnmYv6Dggs4eQGefd21vgolepAqicPHvTuO5/fMWFxe5RJme0fe5PKNgk5OZaPdZA=="
    }
  }
}
